
Microsoft Visual Studio Solution File, Format Version 11.00
# Visual Studio 2010
Project("{8BC9CEB8-8B4A-11D0-8D11-00A0C91BC942}") = "01 - Initialization", "01 - Initialization\01 - Initialization.vcxproj", "{E6FD8AC0-950F-41B4-AD83-F92FA9AB46A2}"
EndProject
Project("{8BC9CEB8-8B4A-11D0-8D11-00A0C91BC942}") = "02 - Resources", "02 - Resources\02 - Resources.vcxproj", "{3145E9ED-FA6C-4A74-B236-20FE2A7C095A}"
EndProject
Project("{8BC9CEB8-8B4A-11D0-8D11-00A0C91BC942}") = "03 - Input", "03 - Input\03 - Input.vcxproj", "{CFDC037C-0090-4E09-BB0B-4BBCA6CFEDB1}"
EndProject
Project("{8BC9CEB8-8B4A-11D0-8D11-00A0C91BC942}") = "04 - Screen Settings", "04 - Screen Settings\04 - Screen Settings.vcxproj", "{FEBFE46A-CA36-4ABD-9926-CFCDE5BC93A1}"
EndProject
Project("{8BC9CEB8-8B4A-11D0-8D11-00A0C91BC942}") = "05 - Primitives", "05 - Primitives\05 - Primitives.vcxproj", "{8F6E5328-BBC7-4781-868F-774195705BCE}"
EndProject
Project("{8BC9CEB8-8B4A-11D0-8D11-00A0C91BC942}") = "06 - Text", "06 - Text\06 - Text.vcxproj", "{8787C4D1-D447-4F2A-A1AA-25D53323AC01}"
EndProject
Project("{8BC9CEB8-8B4A-11D0-8D11-00A0C91BC942}") = "07 - Sprites", "07 - Sprites\07 - Sprites.vcxproj", "{C4FD56F8-3B86-40EE-B2FE-44B1B6B8267D}"
EndProject
Project("{8BC9CEB8-8B4A-11D0-8D11-00A0C91BC942}") = "08 - Sprite Engine", "08 - Sprite Engine\08 - Sprite Engine.vcxproj", "{901DE1AC-ED60-49B1-BF75-B4C090F491EE}"
EndProject
Project("{8BC9CEB8-8B4A-11D0-8D11-00A0C91BC942}") = "12 - Render into Texture", "12 - Render into Texture\12 - Render into Texture.vcxproj", "{517392CA-D6EB-474F-B6C5-B9E00251006F}"
EndProject
Project("{8BC9CEB8-8B4A-11D0-8D11-00A0C91BC942}") = "14 - Sound", "14 - Sound\14 - Sound.vcxproj", "{2AF57833-0AEE-45CE-8743-AEB1543E6E66}"
EndProject
Global
	GlobalSection(SolutionConfigurationPlatforms) = preSolution
		Debug|Win32 = Debug|Win32
		Release|Win32 = Release|Win32
	EndGlobalSection
	GlobalSection(ProjectConfigurationPlatforms) = postSolution
		{E6FD8AC0-950F-41B4-AD83-F92FA9AB46A2}.Debug|Win32.ActiveCfg = Debug|Win32
		{E6FD8AC0-950F-41B4-AD83-F92FA9AB46A2}.Debug|Win32.Build.0 = Debug|Win32
		{E6FD8AC0-950F-41B4-AD83-F92FA9AB46A2}.Release|Win32.ActiveCfg = Release|Win32
		{E6FD8AC0-950F-41B4-AD83-F92FA9AB46A2}.Release|Win32.Build.0 = Release|Win32
		{3145E9ED-FA6C-4A74-B236-20FE2A7C095A}.Debug|Win32.ActiveCfg = Debug|Win32
		{3145E9ED-FA6C-4A74-B236-20FE2A7C095A}.Debug|Win32.Build.0 = Debug|Win32
		{3145E9ED-FA6C-4A74-B236-20FE2A7C095A}.Release|Win32.ActiveCfg = Release|Win32
		{3145E9ED-FA6C-4A74-B236-20FE2A7C095A}.Release|Win32.Build.0 = Release|Win32
		{CFDC037C-0090-4E09-BB0B-4BBCA6CFEDB1}.Debug|Win32.ActiveCfg = Debug|Win32
		{CFDC037C-0090-4E09-BB0B-4BBCA6CFEDB1}.Debug|Win32.Build.0 = Debug|Win32
		{CFDC037C-0090-4E09-BB0B-4BBCA6CFEDB1}.Release|Win32.ActiveCfg = Release|Win32
		{CFDC037C-0090-4E09-BB0B-4BBCA6CFEDB1}.Release|Win32.Build.0 = Release|Win32
		{FEBFE46A-CA36-4ABD-9926-CFCDE5BC93A1}.Debug|Win32.ActiveCfg = Debug|Win32
		{FEBFE46A-CA36-4ABD-9926-CFCDE5BC93A1}.Debug|Win32.Build.0 = Debug|Win32
		{FEBFE46A-CA36-4ABD-9926-CFCDE5BC93A1}.Release|Win32.ActiveCfg = Release|Win32
		{FEBFE46A-CA36-4ABD-9926-CFCDE5BC93A1}.Release|Win32.Build.0 = Release|Win32
		{8F6E5328-BBC7-4781-868F-774195705BCE}.Debug|Win32.ActiveCfg = Debug|Win32
		{8F6E5328-BBC7-4781-868F-774195705BCE}.Debug|Win32.Build.0 = Debug|Win32
		{8F6E5328-BBC7-4781-868F-774195705BCE}.Release|Win32.ActiveCfg = Release|Win32
		{8F6E5328-BBC7-4781-868F-774195705BCE}.Release|Win32.Build.0 = Release|Win32
		{8787C4D1-D447-4F2A-A1AA-25D53323AC01}.Debug|Win32.ActiveCfg = Debug|Win32
		{8787C4D1-D447-4F2A-A1AA-25D53323AC01}.Debug|Win32.Build.0 = Debug|Win32
		{8787C4D1-D447-4F2A-A1AA-25D53323AC01}.Release|Win32.ActiveCfg = Release|Win32
		{8787C4D1-D447-4F2A-A1AA-25D53323AC01}.Release|Win32.Build.0 = Release|Win32
		{C4FD56F8-3B86-40EE-B2FE-44B1B6B8267D}.Debug|Win32.ActiveCfg = Debug|Win32
		{C4FD56F8-3B86-40EE-B2FE-44B1B6B8267D}.Debug|Win32.Build.0 = Debug|Win32
		{C4FD56F8-3B86-40EE-B2FE-44B1B6B8267D}.Release|Win32.ActiveCfg = Release|Win32
		{C4FD56F8-3B86-40EE-B2FE-44B1B6B8267D}.Release|Win32.Build.0 = Release|Win32
		{901DE1AC-ED60-49B1-BF75-B4C090F491EE}.Debug|Win32.ActiveCfg = Debug|Win32
		{901DE1AC-ED60-49B1-BF75-B4C090F491EE}.Debug|Win32.Build.0 = Debug|Win32
		{901DE1AC-ED60-49B1-BF75-B4C090F491EE}.Release|Win32.ActiveCfg = Release|Win32
		{901DE1AC-ED60-49B1-BF75-B4C090F491EE}.Release|Win32.Build.0 = Release|Win32
		{517392CA-D6EB-474F-B6C5-B9E00251006F}.Debug|Win32.ActiveCfg = Debug|Win32
		{517392CA-D6EB-474F-B6C5-B9E00251006F}.Debug|Win32.Build.0 = Debug|Win32
		{517392CA-D6EB-474F-B6C5-B9E00251006F}.Release|Win32.ActiveCfg = Release|Win32
		{517392CA-D6EB-474F-B6C5-B9E00251006F}.Release|Win32.Build.0 = Release|Win32
		{2AF57833-0AEE-45CE-8743-AEB1543E6E66}.Debug|Win32.ActiveCfg = Debug|Win32
		{2AF57833-0AEE-45CE-8743-AEB1543E6E66}.Debug|Win32.Build.0 = Debug|Win32
		{2AF57833-0AEE-45CE-8743-AEB1543E6E66}.Release|Win32.ActiveCfg = Release|Win32
		{2AF57833-0AEE-45CE-8743-AEB1543E6E66}.Release|Win32.Build.0 = Release|Win32
	EndGlobalSection
	GlobalSection(SolutionProperties) = preSolution
		HideSolutionNode = FALSE
	EndGlobalSection
EndGlobal
